
Microsoft Visual Studio Solution File, Format Version 12.00
# Visual Studio Version 16
VisualStudioVersion = 16.0.33214.272
MinimumVisualStudioVersion = 10.0.40219.1
Project("{FAE04EC0-301F-11D3-BF4B-00C04F79EFBC}") = "Polykov (4.107, 4.110, 4.114)", "Polykov (4.107, 4.110, 4.114)\Polykov (4.107, 4.110, 4.114).csproj", "{CEF325B5-2C35-4E80-8B86-73CE46D94381}"
EndProject
Global
	GlobalSection(SolutionConfigurationPlatforms) = preSolution
		Debug|Any CPU = Debug|Any CPU
		Release|Any CPU = Release|Any CPU
	EndGlobalSection
	GlobalSection(ProjectConfigurationPlatforms) = postSolution
		{CEF325B5-2C35-4E80-8B86-73CE46D94381}.Debug|Any CPU.ActiveCfg = Debug|Any CPU
		{CEF325B5-2C35-4E80-8B86-73CE46D94381}.Debug|Any CPU.Build.0 = Debug|Any CPU
		{CEF325B5-2C35-4E80-8B86-73CE46D94381}.Release|Any CPU.ActiveCfg = Release|Any CPU
		{CEF325B5-2C35-4E80-8B86-73CE46D94381}.Release|Any CPU.Build.0 = Release|Any CPU
	EndGlobalSection
	GlobalSection(SolutionProperties) = preSolution
		HideSolutionNode = FALSE
	EndGlobalSection
	GlobalSection(ExtensibilityGlobals) = postSolution
		SolutionGuid = {37AF9A5F-775D-4E67-8940-2A4FC57E4F73}
	EndGlobalSection
EndGlobal
